
Microsoft Visual Studio Solution File, Format Version 12.00
# Visual Studio Version 17
VisualStudioVersion = 17.10.35122.118
MinimumVisualStudioVersion = 10.0.40219.1
Project("{FAE04EC0-301F-11D3-BF4B-00C04F79EFBC}") = "StudentManagement", "StudentManagement\StudentManagement.csproj", "{CEBF5F12-93FA-4325-803A-86E6FC6C572D}"
EndProject
Global
	GlobalSection(SolutionConfigurationPlatforms) = preSolution
		Debug|Any CPU = Debug|Any CPU
		Release|Any CPU = Release|Any CPU
	EndGlobalSection
	GlobalSection(ProjectConfigurationPlatforms) = postSolution
		{CEBF5F12-93FA-4325-803A-86E6FC6C572D}.Debug|Any CPU.ActiveCfg = Debug|Any CPU
		{CEBF5F12-93FA-4325-803A-86E6FC6C572D}.Debug|Any CPU.Build.0 = Debug|Any CPU
		{CEBF5F12-93FA-4325-803A-86E6FC6C572D}.Release|Any CPU.ActiveCfg = Release|Any CPU
		{CEBF5F12-93FA-4325-803A-86E6FC6C572D}.Release|Any CPU.Build.0 = Release|Any CPU
	EndGlobalSection
	GlobalSection(SolutionProperties) = preSolution
		HideSolutionNode = FALSE
	EndGlobalSection
	GlobalSection(ExtensibilityGlobals) = postSolution
		SolutionGuid = {D9DDFB88-DE4A-4F97-905D-863BCE66FE0B}
	EndGlobalSection
EndGlobal
